
Microsoft Visual Studio Solution File, Format Version 12.00
# Visual Studio 15
VisualStudioVersion = 15.0.27130.2026
MinimumVisualStudioVersion = 10.0.40219.1
Project("{FAE04EC0-301F-11D3-BF4B-00C04F79EFBC}") = "ManageQueues", "ManageQueues\ManageQueues.csproj", "{B331D91F-2EBD-47DA-818B-B5AE146D1D01}"
EndProject
Global
	GlobalSection(SolutionConfigurationPlatforms) = preSolution
		Debug|Any CPU = Debug|Any CPU
		Release|Any CPU = Release|Any CPU
	EndGlobalSection
	GlobalSection(ProjectConfigurationPlatforms) = postSolution
		{B331D91F-2EBD-47DA-818B-B5AE146D1D01}.Debug|Any CPU.ActiveCfg = Debug|Any CPU
		{B331D91F-2EBD-47DA-818B-B5AE146D1D01}.Debug|Any CPU.Build.0 = Debug|Any CPU
		{B331D91F-2EBD-47DA-818B-B5AE146D1D01}.Release|Any CPU.ActiveCfg = Release|Any CPU
		{B331D91F-2EBD-47DA-818B-B5AE146D1D01}.Release|Any CPU.Build.0 = Release|Any CPU
	EndGlobalSection
	GlobalSection(SolutionProperties) = preSolution
		HideSolutionNode = FALSE
	EndGlobalSection
	GlobalSection(ExtensibilityGlobals) = postSolution
		SolutionGuid = {952E4E69-BD1A-401A-B6E2-F5548A9A6DB3}
	EndGlobalSection
EndGlobal
